
Microsoft Visual Studio Solution File, Format Version 12.00
Project("{FAE04EC0-301F-11D3-BF4B-00C04F79EFBC}") = "Krimson.Core", "src\Krimson.Core\Krimson.Core.csproj", "{588BD4EE-8451-4207-AF0F-1C8CE1CEBEF3}"
EndProject
Project("{2150E333-8FDC-42A3-9474-1A3956D46DE8}") = "Examples", "Examples", "{FD0B593F-A9F9-42A1-97D9-8B96521B47D8}"
EndProject
Project("{FAE04EC0-301F-11D3-BF4B-00C04F79EFBC}") = "Telemetry.Contracts", "examples\Telemetry.Contracts\Telemetry.Contracts.csproj", "{5E36A5F6-7D2C-4BAB-B475-ADA69B429948}"
EndProject
Project("{FAE04EC0-301F-11D3-BF4B-00C04F79EFBC}") = "PowerConsumption.Processor", "examples\PowerConsumption.Processor\PowerConsumption.Processor.csproj", "{3D22849C-B31B-4601-94CB-0BFB736F6518}"
EndProject
Project("{FAE04EC0-301F-11D3-BF4B-00C04F79EFBC}") = "Telemetry.Gateway.Http", "examples\Telemetry.Gateway.Http\Telemetry.Gateway.Http.csproj", "{9FA3482F-833F-466E-A0E1-D8B944801A89}"
EndProject
Project("{FAE04EC0-301F-11D3-BF4B-00C04F79EFBC}") = "Krimson.Serializers.ConfluentJson", "src\Krimson.Serializers.ConfluentJson\Krimson.Serializers.ConfluentJson.csproj", "{836D0480-0EE0-4ED2-A32C-8F78E50ABB03}"
EndProject
Project("{FAE04EC0-301F-11D3-BF4B-00C04F79EFBC}") = "Krimson.Tests", "tests\Krimson.Tests\Krimson.Tests.csproj", "{A541316F-B5F2-4AC5-92AD-00EF58B0BF7E}"
EndProject
Project("{2150E333-8FDC-42A3-9474-1A3956D46DE8}") = "Tests", "Tests", "{DCF9B742-A173-473E-8F1E-AFD9BD48F87E}"
EndProject
Project("{FAE04EC0-301F-11D3-BF4B-00C04F79EFBC}") = "Krimson.Fixie", "tests\Krimson.Fixie\Krimson.Fixie.csproj", "{3AD4C050-0925-40A9-B36C-022524191745}"
EndProject
Project("{FAE04EC0-301F-11D3-BF4B-00C04F79EFBC}") = "Krimson.Serializers.ConfluentProtobuf", "src\Krimson.Serializers.ConfluentProtobuf\Krimson.Serializers.ConfluentProtobuf.csproj", "{9C53E320-75A2-442C-9E00-62AE7F1654BA}"
EndProject
Project("{FAE04EC0-301F-11D3-BF4B-00C04F79EFBC}") = "Krimson", "src\Krimson\Krimson.csproj", "{44815E2C-AB98-43D7-A60F-8C0D497C857A}"
EndProject
Project("{FAE04EC0-301F-11D3-BF4B-00C04F79EFBC}") = "Sherlock", "examples\Sherlock\Sherlock.csproj", "{F44B1931-0BA3-41C2-9A4E-4A68FC32038F}"
EndProject
Project("{FAE04EC0-301F-11D3-BF4B-00C04F79EFBC}") = "Krimson.OpenTelemetry", "src\Krimson.OpenTelemetry\Krimson.OpenTelemetry.csproj", "{5E8D971D-11EE-4B23-9974-6FDE6C1C3A68}"
EndProject
Project("{FAE04EC0-301F-11D3-BF4B-00C04F79EFBC}") = "Krimson.Connectors", "src\Krimson.Connectors\Krimson.Connectors.csproj", "{9D80E356-D4D1-4358-87EF-73407353387F}"
EndProject
Project("{FAE04EC0-301F-11D3-BF4B-00C04F79EFBC}") = "Webhooks", "examples\Webhooks\Webhooks.csproj", "{CD322FDC-B1B3-40DD-87FF-8E720D276F7E}"
EndProject
Project("{FAE04EC0-301F-11D3-BF4B-00C04F79EFBC}") = "PeriodicSourceConnectorService", "examples\PeriodicSourceConnectorService\PeriodicSourceConnectorService.csproj", "{B14B2B69-C33B-4316-B628-47969B57EF07}"
EndProject
Project("{FAE04EC0-301F-11D3-BF4B-00C04F79EFBC}") = "Krimson.Persistence.MongoDB", "src\Krimson.Persistence.MongoDB\Krimson.Persistence.MongoDB.csproj", "{946FD627-1350-4328-A18E-163BF30E908C}"
EndProject
Project("{FAE04EC0-301F-11D3-BF4B-00C04F79EFBC}") = "Krimson.Persistence.MongoDB.Tests", "tests\Krimson.Persistence.MongoDB.Tests\Krimson.Persistence.MongoDB.Tests.csproj", "{4E0CDA6E-04BE-46D3-BD4F-15A3BBF74B7A}"
EndProject
Global
	GlobalSection(SolutionConfigurationPlatforms) = preSolution
		Debug|Any CPU = Debug|Any CPU
		Release|Any CPU = Release|Any CPU
	EndGlobalSection
	GlobalSection(ProjectConfigurationPlatforms) = postSolution
		{CE3FA9B2-5C1D-4EEA-AABE-F5CB8296B0CD}.Debug|Any CPU.ActiveCfg = Debug|Any CPU
		{CE3FA9B2-5C1D-4EEA-AABE-F5CB8296B0CD}.Debug|Any CPU.Build.0 = Debug|Any CPU
		{CE3FA9B2-5C1D-4EEA-AABE-F5CB8296B0CD}.Release|Any CPU.ActiveCfg = Release|Any CPU
		{CE3FA9B2-5C1D-4EEA-AABE-F5CB8296B0CD}.Release|Any CPU.Build.0 = Release|Any CPU
		{5F00BC14-6BA3-48B0-BF44-463C04D68F53}.Debug|Any CPU.ActiveCfg = Debug|Any CPU
		{5F00BC14-6BA3-48B0-BF44-463C04D68F53}.Debug|Any CPU.Build.0 = Debug|Any CPU
		{5F00BC14-6BA3-48B0-BF44-463C04D68F53}.Release|Any CPU.ActiveCfg = Release|Any CPU
		{5F00BC14-6BA3-48B0-BF44-463C04D68F53}.Release|Any CPU.Build.0 = Release|Any CPU
		{588BD4EE-8451-4207-AF0F-1C8CE1CEBEF3}.Debug|Any CPU.ActiveCfg = Debug|Any CPU
		{588BD4EE-8451-4207-AF0F-1C8CE1CEBEF3}.Debug|Any CPU.Build.0 = Debug|Any CPU
		{588BD4EE-8451-4207-AF0F-1C8CE1CEBEF3}.Release|Any CPU.ActiveCfg = Release|Any CPU
		{588BD4EE-8451-4207-AF0F-1C8CE1CEBEF3}.Release|Any CPU.Build.0 = Release|Any CPU
		{5E36A5F6-7D2C-4BAB-B475-ADA69B429948}.Debug|Any CPU.ActiveCfg = Debug|Any CPU
		{5E36A5F6-7D2C-4BAB-B475-ADA69B429948}.Debug|Any CPU.Build.0 = Debug|Any CPU
		{5E36A5F6-7D2C-4BAB-B475-ADA69B429948}.Release|Any CPU.ActiveCfg = Release|Any CPU
		{5E36A5F6-7D2C-4BAB-B475-ADA69B429948}.Release|Any CPU.Build.0 = Release|Any CPU
		{3D22849C-B31B-4601-94CB-0BFB736F6518}.Debug|Any CPU.ActiveCfg = Debug|Any CPU
		{3D22849C-B31B-4601-94CB-0BFB736F6518}.Debug|Any CPU.Build.0 = Debug|Any CPU
		{3D22849C-B31B-4601-94CB-0BFB736F6518}.Release|Any CPU.ActiveCfg = Release|Any CPU
		{3D22849C-B31B-4601-94CB-0BFB736F6518}.Release|Any CPU.Build.0 = Release|Any CPU
		{9FA3482F-833F-466E-A0E1-D8B944801A89}.Debug|Any CPU.ActiveCfg = Debug|Any CPU
		{9FA3482F-833F-466E-A0E1-D8B944801A89}.Debug|Any CPU.Build.0 = Debug|Any CPU
		{9FA3482F-833F-466E-A0E1-D8B944801A89}.Release|Any CPU.ActiveCfg = Release|Any CPU
		{9FA3482F-833F-466E-A0E1-D8B944801A89}.Release|Any CPU.Build.0 = Release|Any CPU
		{836D0480-0EE0-4ED2-A32C-8F78E50ABB03}.Debug|Any CPU.ActiveCfg = Debug|Any CPU
		{836D0480-0EE0-4ED2-A32C-8F78E50ABB03}.Debug|Any CPU.Build.0 = Debug|Any CPU
		{836D0480-0EE0-4ED2-A32C-8F78E50ABB03}.Release|Any CPU.ActiveCfg = Release|Any CPU
		{836D0480-0EE0-4ED2-A32C-8F78E50ABB03}.Release|Any CPU.Build.0 = Release|Any CPU
		{A541316F-B5F2-4AC5-92AD-00EF58B0BF7E}.Debug|Any CPU.ActiveCfg = Debug|Any CPU
		{A541316F-B5F2-4AC5-92AD-00EF58B0BF7E}.Debug|Any CPU.Build.0 = Debug|Any CPU
		{A541316F-B5F2-4AC5-92AD-00EF58B0BF7E}.Release|Any CPU.ActiveCfg = Release|Any CPU
		{A541316F-B5F2-4AC5-92AD-00EF58B0BF7E}.Release|Any CPU.Build.0 = Release|Any CPU
		{3AD4C050-0925-40A9-B36C-022524191745}.Debug|Any CPU.ActiveCfg = Debug|Any CPU
		{3AD4C050-0925-40A9-B36C-022524191745}.Debug|Any CPU.Build.0 = Debug|Any CPU
		{3AD4C050-0925-40A9-B36C-022524191745}.Release|Any CPU.ActiveCfg = Release|Any CPU
		{3AD4C050-0925-40A9-B36C-022524191745}.Release|Any CPU.Build.0 = Release|Any CPU
		{9C53E320-75A2-442C-9E00-62AE7F1654BA}.Debug|Any CPU.ActiveCfg = Debug|Any CPU
		{9C53E320-75A2-442C-9E00-62AE7F1654BA}.Debug|Any CPU.Build.0 = Debug|Any CPU
		{9C53E320-75A2-442C-9E00-62AE7F1654BA}.Release|Any CPU.ActiveCfg = Release|Any CPU
		{9C53E320-75A2-442C-9E00-62AE7F1654BA}.Release|Any CPU.Build.0 = Release|Any CPU
		{44815E2C-AB98-43D7-A60F-8C0D497C857A}.Debug|Any CPU.ActiveCfg = Debug|Any CPU
		{44815E2C-AB98-43D7-A60F-8C0D497C857A}.Debug|Any CPU.Build.0 = Debug|Any CPU
		{44815E2C-AB98-43D7-A60F-8C0D497C857A}.Release|Any CPU.ActiveCfg = Release|Any CPU
		{44815E2C-AB98-43D7-A60F-8C0D497C857A}.Release|Any CPU.Build.0 = Release|Any CPU
		{F44B1931-0BA3-41C2-9A4E-4A68FC32038F}.Debug|Any CPU.ActiveCfg = Debug|Any CPU
		{F44B1931-0BA3-41C2-9A4E-4A68FC32038F}.Debug|Any CPU.Build.0 = Debug|Any CPU
		{F44B1931-0BA3-41C2-9A4E-4A68FC32038F}.Release|Any CPU.ActiveCfg = Release|Any CPU
		{F44B1931-0BA3-41C2-9A4E-4A68FC32038F}.Release|Any CPU.Build.0 = Release|Any CPU
		{5E8D971D-11EE-4B23-9974-6FDE6C1C3A68}.Debug|Any CPU.ActiveCfg = Debug|Any CPU
		{5E8D971D-11EE-4B23-9974-6FDE6C1C3A68}.Debug|Any CPU.Build.0 = Debug|Any CPU
		{5E8D971D-11EE-4B23-9974-6FDE6C1C3A68}.Release|Any CPU.ActiveCfg = Release|Any CPU
		{5E8D971D-11EE-4B23-9974-6FDE6C1C3A68}.Release|Any CPU.Build.0 = Release|Any CPU
		{9D80E356-D4D1-4358-87EF-73407353387F}.Debug|Any CPU.ActiveCfg = Debug|Any CPU
		{9D80E356-D4D1-4358-87EF-73407353387F}.Debug|Any CPU.Build.0 = Debug|Any CPU
		{9D80E356-D4D1-4358-87EF-73407353387F}.Release|Any CPU.ActiveCfg = Release|Any CPU
		{9D80E356-D4D1-4358-87EF-73407353387F}.Release|Any CPU.Build.0 = Release|Any CPU
		{CD322FDC-B1B3-40DD-87FF-8E720D276F7E}.Debug|Any CPU.ActiveCfg = Debug|Any CPU
		{CD322FDC-B1B3-40DD-87FF-8E720D276F7E}.Debug|Any CPU.Build.0 = Debug|Any CPU
		{CD322FDC-B1B3-40DD-87FF-8E720D276F7E}.Release|Any CPU.ActiveCfg = Release|Any CPU
		{CD322FDC-B1B3-40DD-87FF-8E720D276F7E}.Release|Any CPU.Build.0 = Release|Any CPU
		{B14B2B69-C33B-4316-B628-47969B57EF07}.Debug|Any CPU.ActiveCfg = Debug|Any CPU
		{B14B2B69-C33B-4316-B628-47969B57EF07}.Debug|Any CPU.Build.0 = Debug|Any CPU
		{B14B2B69-C33B-4316-B628-47969B57EF07}.Release|Any CPU.ActiveCfg = Release|Any CPU
		{B14B2B69-C33B-4316-B628-47969B57EF07}.Release|Any CPU.Build.0 = Release|Any CPU
		{946FD627-1350-4328-A18E-163BF30E908C}.Debug|Any CPU.ActiveCfg = Debug|Any CPU
		{946FD627-1350-4328-A18E-163BF30E908C}.Debug|Any CPU.Build.0 = Debug|Any CPU
		{946FD627-1350-4328-A18E-163BF30E908C}.Release|Any CPU.ActiveCfg = Release|Any CPU
		{946FD627-1350-4328-A18E-163BF30E908C}.Release|Any CPU.Build.0 = Release|Any CPU
		{4E0CDA6E-04BE-46D3-BD4F-15A3BBF74B7A}.Debug|Any CPU.ActiveCfg = Debug|Any CPU
		{4E0CDA6E-04BE-46D3-BD4F-15A3BBF74B7A}.Debug|Any CPU.Build.0 = Debug|Any CPU
		{4E0CDA6E-04BE-46D3-BD4F-15A3BBF74B7A}.Release|Any CPU.ActiveCfg = Release|Any CPU
		{4E0CDA6E-04BE-46D3-BD4F-15A3BBF74B7A}.Release|Any CPU.Build.0 = Release|Any CPU
	EndGlobalSection
	GlobalSection(NestedProjects) = preSolution
		{5E36A5F6-7D2C-4BAB-B475-ADA69B429948} = {FD0B593F-A9F9-42A1-97D9-8B96521B47D8}
		{3D22849C-B31B-4601-94CB-0BFB736F6518} = {FD0B593F-A9F9-42A1-97D9-8B96521B47D8}
		{9FA3482F-833F-466E-A0E1-D8B944801A89} = {FD0B593F-A9F9-42A1-97D9-8B96521B47D8}
		{A541316F-B5F2-4AC5-92AD-00EF58B0BF7E} = {DCF9B742-A173-473E-8F1E-AFD9BD48F87E}
		{3AD4C050-0925-40A9-B36C-022524191745} = {DCF9B742-A173-473E-8F1E-AFD9BD48F87E}
		{F44B1931-0BA3-41C2-9A4E-4A68FC32038F} = {FD0B593F-A9F9-42A1-97D9-8B96521B47D8}
		{CD322FDC-B1B3-40DD-87FF-8E720D276F7E} = {FD0B593F-A9F9-42A1-97D9-8B96521B47D8}
		{B14B2B69-C33B-4316-B628-47969B57EF07} = {FD0B593F-A9F9-42A1-97D9-8B96521B47D8}
		{4E0CDA6E-04BE-46D3-BD4F-15A3BBF74B7A} = {DCF9B742-A173-473E-8F1E-AFD9BD48F87E}
	EndGlobalSection
EndGlobal
